
Microsoft Visual Studio Solution File, Format Version 12.00
# Visual Studio 15
VisualStudioVersion = 15.0.27130.2036
MinimumVisualStudioVersion = 10.0.40219.1
Project("{D954291E-2A0B-460D-934E-DC6B0785DB48}") = "LinphoneXamarin", "LinphoneXamarin\LinphoneXamarin\LinphoneXamarin.shproj", "{3140639C-DBDB-458F-9284-68875C7C6374}"
EndProject
Project("{FAE04EC0-301F-11D3-BF4B-00C04F79EFBC}") = "LinphoneXamarin.iOS", "LinphoneXamarin\LinphoneXamarin.iOS\LinphoneXamarin.iOS.csproj", "{5DCDACFC-1F05-490B-8874-6425AB95BBBF}"
EndProject
Project("{FAE04EC0-301F-11D3-BF4B-00C04F79EFBC}") = "LinphoneXamarin.Universal", "LinphoneXamarin\LinphoneXamarin.Universal\LinphoneXamarin.Universal.csproj", "{C2C962EB-4849-46F1-84C3-5432F6AB7C31}"
EndProject
Project("{FAE04EC0-301F-11D3-BF4B-00C04F79EFBC}") = "LinphoneXamarin.Android", "LinphoneXamarin\LinphoneXamarin.Android\LinphoneXamarin.Android.csproj", "{9619E70B-3E50-4DB0-9E6D-858ECE81F0B5}"
EndProject
Project("{FAE04EC0-301F-11D3-BF4B-00C04F79EFBC}") = "Liblinphone", "LinphoneXamarin\Liblinphone\Liblinphone.csproj", "{81E82D29-86F4-4C27-B38A-3D13BFB51C5F}"
EndProject
Global
	GlobalSection(SharedMSBuildProjectFiles) = preSolution
		LinphoneXamarin\LinphoneXamarin\LinphoneXamarin.projitems*{3140639c-dbdb-458f-9284-68875c7c6374}*SharedItemsImports = 13
		LinphoneXamarin\LinphoneXamarin\LinphoneXamarin.projitems*{9619e70b-3e50-4db0-9e6d-858ece81f0b5}*SharedItemsImports = 4
	EndGlobalSection
	GlobalSection(SolutionConfigurationPlatforms) = preSolution
		Ad-Hoc|Any CPU = Ad-Hoc|Any CPU
		Ad-Hoc|ARM = Ad-Hoc|ARM
		Ad-Hoc|iPhone = Ad-Hoc|iPhone
		Ad-Hoc|iPhoneSimulator = Ad-Hoc|iPhoneSimulator
		Ad-Hoc|x64 = Ad-Hoc|x64
		Ad-Hoc|x86 = Ad-Hoc|x86
		AppStore|Any CPU = AppStore|Any CPU
		AppStore|ARM = AppStore|ARM
		AppStore|iPhone = AppStore|iPhone
		AppStore|iPhoneSimulator = AppStore|iPhoneSimulator
		AppStore|x64 = AppStore|x64
		AppStore|x86 = AppStore|x86
		Debug|Any CPU = Debug|Any CPU
		Debug|ARM = Debug|ARM
		Debug|iPhone = Debug|iPhone
		Debug|iPhoneSimulator = Debug|iPhoneSimulator
		Debug|x64 = Debug|x64
		Debug|x86 = Debug|x86
		Release|Any CPU = Release|Any CPU
		Release|ARM = Release|ARM
		Release|iPhone = Release|iPhone
		Release|iPhoneSimulator = Release|iPhoneSimulator
		Release|x64 = Release|x64
		Release|x86 = Release|x86
	EndGlobalSection
	GlobalSection(ProjectConfigurationPlatforms) = postSolution
		{5DCDACFC-1F05-490B-8874-6425AB95BBBF}.Ad-Hoc|Any CPU.ActiveCfg = Ad-Hoc|iPhone
		{5DCDACFC-1F05-490B-8874-6425AB95BBBF}.Ad-Hoc|ARM.ActiveCfg = Ad-Hoc|iPhoneSimulator
		{5DCDACFC-1F05-490B-8874-6425AB95BBBF}.Ad-Hoc|iPhone.ActiveCfg = Ad-Hoc|iPhone
		{5DCDACFC-1F05-490B-8874-6425AB95BBBF}.Ad-Hoc|iPhone.Build.0 = Ad-Hoc|iPhone
		{5DCDACFC-1F05-490B-8874-6425AB95BBBF}.Ad-Hoc|iPhoneSimulator.ActiveCfg = Ad-Hoc|iPhoneSimulator
		{5DCDACFC-1F05-490B-8874-6425AB95BBBF}.Ad-Hoc|iPhoneSimulator.Build.0 = Ad-Hoc|iPhoneSimulator
		{5DCDACFC-1F05-490B-8874-6425AB95BBBF}.Ad-Hoc|x64.ActiveCfg = Ad-Hoc|iPhoneSimulator
		{5DCDACFC-1F05-490B-8874-6425AB95BBBF}.Ad-Hoc|x86.ActiveCfg = Ad-Hoc|iPhoneSimulator
		{5DCDACFC-1F05-490B-8874-6425AB95BBBF}.AppStore|Any CPU.ActiveCfg = AppStore|iPhone
		{5DCDACFC-1F05-490B-8874-6425AB95BBBF}.AppStore|ARM.ActiveCfg = AppStore|iPhoneSimulator
		{5DCDACFC-1F05-490B-8874-6425AB95BBBF}.AppStore|iPhone.ActiveCfg = AppStore|iPhone
		{5DCDACFC-1F05-490B-8874-6425AB95BBBF}.AppStore|iPhone.Build.0 = AppStore|iPhone
		{5DCDACFC-1F05-490B-8874-6425AB95BBBF}.AppStore|iPhoneSimulator.ActiveCfg = AppStore|iPhoneSimulator
		{5DCDACFC-1F05-490B-8874-6425AB95BBBF}.AppStore|iPhoneSimulator.Build.0 = AppStore|iPhoneSimulator
		{5DCDACFC-1F05-490B-8874-6425AB95BBBF}.AppStore|x64.ActiveCfg = AppStore|iPhoneSimulator
		{5DCDACFC-1F05-490B-8874-6425AB95BBBF}.AppStore|x86.ActiveCfg = AppStore|iPhoneSimulator
		{5DCDACFC-1F05-490B-8874-6425AB95BBBF}.Debug|Any CPU.ActiveCfg = Debug|iPhone
		{5DCDACFC-1F05-490B-8874-6425AB95BBBF}.Debug|ARM.ActiveCfg = Debug|iPhoneSimulator
		{5DCDACFC-1F05-490B-8874-6425AB95BBBF}.Debug|iPhone.ActiveCfg = Debug|iPhone
		{5DCDACFC-1F05-490B-8874-6425AB95BBBF}.Debug|iPhone.Build.0 = Debug|iPhone
		{5DCDACFC-1F05-490B-8874-6425AB95BBBF}.Debug|iPhoneSimulator.ActiveCfg = Debug|iPhoneSimulator
		{5DCDACFC-1F05-490B-8874-6425AB95BBBF}.Debug|iPhoneSimulator.Build.0 = Debug|iPhoneSimulator
		{5DCDACFC-1F05-490B-8874-6425AB95BBBF}.Debug|x64.ActiveCfg = Debug|iPhoneSimulator
		{5DCDACFC-1F05-490B-8874-6425AB95BBBF}.Debug|x86.ActiveCfg = Debug|iPhoneSimulator
		{5DCDACFC-1F05-490B-8874-6425AB95BBBF}.Release|Any CPU.ActiveCfg = Release|iPhone
		{5DCDACFC-1F05-490B-8874-6425AB95BBBF}.Release|ARM.ActiveCfg = Release|iPhoneSimulator
		{5DCDACFC-1F05-490B-8874-6425AB95BBBF}.Release|iPhone.ActiveCfg = Release|iPhone
		{5DCDACFC-1F05-490B-8874-6425AB95BBBF}.Release|iPhone.Build.0 = Release|iPhone
		{5DCDACFC-1F05-490B-8874-6425AB95BBBF}.Release|iPhoneSimulator.ActiveCfg = Release|iPhoneSimulator
		{5DCDACFC-1F05-490B-8874-6425AB95BBBF}.Release|iPhoneSimulator.Build.0 = Release|iPhoneSimulator
		{5DCDACFC-1F05-490B-8874-6425AB95BBBF}.Release|x64.ActiveCfg = Release|iPhoneSimulator
		{5DCDACFC-1F05-490B-8874-6425AB95BBBF}.Release|x86.ActiveCfg = Release|iPhoneSimulator
		{C2C962EB-4849-46F1-84C3-5432F6AB7C31}.Ad-Hoc|Any CPU.ActiveCfg = Release|x64
		{C2C962EB-4849-46F1-84C3-5432F6AB7C31}.Ad-Hoc|Any CPU.Build.0 = Release|x64
		{C2C962EB-4849-46F1-84C3-5432F6AB7C31}.Ad-Hoc|Any CPU.Deploy.0 = Release|x64
		{C2C962EB-4849-46F1-84C3-5432F6AB7C31}.Ad-Hoc|ARM.ActiveCfg = Release|ARM
		{C2C962EB-4849-46F1-84C3-5432F6AB7C31}.Ad-Hoc|ARM.Build.0 = Release|ARM
		{C2C962EB-4849-46F1-84C3-5432F6AB7C31}.Ad-Hoc|ARM.Deploy.0 = Release|ARM
		{C2C962EB-4849-46F1-84C3-5432F6AB7C31}.Ad-Hoc|iPhone.ActiveCfg = Release|x64
		{C2C962EB-4849-46F1-84C3-5432F6AB7C31}.Ad-Hoc|iPhone.Build.0 = Release|x64
		{C2C962EB-4849-46F1-84C3-5432F6AB7C31}.Ad-Hoc|iPhone.Deploy.0 = Release|x64
		{C2C962EB-4849-46F1-84C3-5432F6AB7C31}.Ad-Hoc|iPhoneSimulator.ActiveCfg = Release|x64
		{C2C962EB-4849-46F1-84C3-5432F6AB7C31}.Ad-Hoc|iPhoneSimulator.Build.0 = Release|x64
		{C2C962EB-4849-46F1-84C3-5432F6AB7C31}.Ad-Hoc|iPhoneSimulator.Deploy.0 = Release|x64
		{C2C962EB-4849-46F1-84C3-5432F6AB7C31}.Ad-Hoc|x64.ActiveCfg = Release|x64
		{C2C962EB-4849-46F1-84C3-5432F6AB7C31}.Ad-Hoc|x64.Build.0 = Release|x64
		{C2C962EB-4849-46F1-84C3-5432F6AB7C31}.Ad-Hoc|x64.Deploy.0 = Release|x64
		{C2C962EB-4849-46F1-84C3-5432F6AB7C31}.Ad-Hoc|x86.ActiveCfg = Release|x86
		{C2C962EB-4849-46F1-84C3-5432F6AB7C31}.Ad-Hoc|x86.Build.0 = Release|x86
		{C2C962EB-4849-46F1-84C3-5432F6AB7C31}.Ad-Hoc|x86.Deploy.0 = Release|x86
		{C2C962EB-4849-46F1-84C3-5432F6AB7C31}.AppStore|Any CPU.ActiveCfg = Release|x64
		{C2C962EB-4849-46F1-84C3-5432F6AB7C31}.AppStore|Any CPU.Build.0 = Release|x64
		{C2C962EB-4849-46F1-84C3-5432F6AB7C31}.AppStore|Any CPU.Deploy.0 = Release|x64
		{C2C962EB-4849-46F1-84C3-5432F6AB7C31}.AppStore|ARM.ActiveCfg = Release|ARM
		{C2C962EB-4849-46F1-84C3-5432F6AB7C31}.AppStore|ARM.Build.0 = Release|ARM
		{C2C962EB-4849-46F1-84C3-5432F6AB7C31}.AppStore|ARM.Deploy.0 = Release|ARM
		{C2C962EB-4849-46F1-84C3-5432F6AB7C31}.AppStore|iPhone.ActiveCfg = Release|x64
		{C2C962EB-4849-46F1-84C3-5432F6AB7C31}.AppStore|iPhone.Build.0 = Release|x64
		{C2C962EB-4849-46F1-84C3-5432F6AB7C31}.AppStore|iPhone.Deploy.0 = Release|x64
		{C2C962EB-4849-46F1-84C3-5432F6AB7C31}.AppStore|iPhoneSimulator.ActiveCfg = Release|x64
		{C2C962EB-4849-46F1-84C3-5432F6AB7C31}.AppStore|iPhoneSimulator.Build.0 = Release|x64
		{C2C962EB-4849-46F1-84C3-5432F6AB7C31}.AppStore|iPhoneSimulator.Deploy.0 = Release|x64
		{C2C962EB-4849-46F1-84C3-5432F6AB7C31}.AppStore|x64.ActiveCfg = Release|x64
		{C2C962EB-4849-46F1-84C3-5432F6AB7C31}.AppStore|x64.Build.0 = Release|x64
		{C2C962EB-4849-46F1-84C3-5432F6AB7C31}.AppStore|x64.Deploy.0 = Release|x64
		{C2C962EB-4849-46F1-84C3-5432F6AB7C31}.AppStore|x86.ActiveCfg = Release|x86
		{C2C962EB-4849-46F1-84C3-5432F6AB7C31}.AppStore|x86.Build.0 = Release|x86
		{C2C962EB-4849-46F1-84C3-5432F6AB7C31}.AppStore|x86.Deploy.0 = Release|x86
		{C2C962EB-4849-46F1-84C3-5432F6AB7C31}.Debug|Any CPU.ActiveCfg = Debug|x86
		{C2C962EB-4849-46F1-84C3-5432F6AB7C31}.Debug|ARM.ActiveCfg = Debug|ARM
		{C2C962EB-4849-46F1-84C3-5432F6AB7C31}.Debug|ARM.Build.0 = Debug|ARM
		{C2C962EB-4849-46F1-84C3-5432F6AB7C31}.Debug|ARM.Deploy.0 = Debug|ARM
		{C2C962EB-4849-46F1-84C3-5432F6AB7C31}.Debug|iPhone.ActiveCfg = Debug|x86
		{C2C962EB-4849-46F1-84C3-5432F6AB7C31}.Debug|iPhoneSimulator.ActiveCfg = Debug|x86
		{C2C962EB-4849-46F1-84C3-5432F6AB7C31}.Debug|x64.ActiveCfg = Debug|x64
		{C2C962EB-4849-46F1-84C3-5432F6AB7C31}.Debug|x64.Build.0 = Debug|x64
		{C2C962EB-4849-46F1-84C3-5432F6AB7C31}.Debug|x64.Deploy.0 = Debug|x64
		{C2C962EB-4849-46F1-84C3-5432F6AB7C31}.Debug|x86.ActiveCfg = Debug|x86
		{C2C962EB-4849-46F1-84C3-5432F6AB7C31}.Debug|x86.Build.0 = Debug|x86
		{C2C962EB-4849-46F1-84C3-5432F6AB7C31}.Debug|x86.Deploy.0 = Debug|x86
		{C2C962EB-4849-46F1-84C3-5432F6AB7C31}.Release|Any CPU.ActiveCfg = Release|x86
		{C2C962EB-4849-46F1-84C3-5432F6AB7C31}.Release|ARM.ActiveCfg = Release|ARM
		{C2C962EB-4849-46F1-84C3-5432F6AB7C31}.Release|ARM.Build.0 = Release|ARM
		{C2C962EB-4849-46F1-84C3-5432F6AB7C31}.Release|ARM.Deploy.0 = Release|ARM
		{C2C962EB-4849-46F1-84C3-5432F6AB7C31}.Release|iPhone.ActiveCfg = Release|x86
		{C2C962EB-4849-46F1-84C3-5432F6AB7C31}.Release|iPhoneSimulator.ActiveCfg = Release|x86
		{C2C962EB-4849-46F1-84C3-5432F6AB7C31}.Release|x64.ActiveCfg = Release|x64
		{C2C962EB-4849-46F1-84C3-5432F6AB7C31}.Release|x64.Build.0 = Release|x64
		{C2C962EB-4849-46F1-84C3-5432F6AB7C31}.Release|x64.Deploy.0 = Release|x64
		{C2C962EB-4849-46F1-84C3-5432F6AB7C31}.Release|x86.ActiveCfg = Release|x86
		{C2C962EB-4849-46F1-84C3-5432F6AB7C31}.Release|x86.Build.0 = Release|x86
		{C2C962EB-4849-46F1-84C3-5432F6AB7C31}.Release|x86.Deploy.0 = Release|x86
		{9619E70B-3E50-4DB0-9E6D-858ECE81F0B5}.Ad-Hoc|Any CPU.ActiveCfg = Release|Any CPU
		{9619E70B-3E50-4DB0-9E6D-858ECE81F0B5}.Ad-Hoc|Any CPU.Build.0 = Release|Any CPU
		{9619E70B-3E50-4DB0-9E6D-858ECE81F0B5}.Ad-Hoc|Any CPU.Deploy.0 = Release|Any CPU
		{9619E70B-3E50-4DB0-9E6D-858ECE81F0B5}.Ad-Hoc|ARM.ActiveCfg = Release|Any CPU
		{9619E70B-3E50-4DB0-9E6D-858ECE81F0B5}.Ad-Hoc|ARM.Build.0 = Release|Any CPU
		{9619E70B-3E50-4DB0-9E6D-858ECE81F0B5}.Ad-Hoc|ARM.Deploy.0 = Release|Any CPU
		{9619E70B-3E50-4DB0-9E6D-858ECE81F0B5}.Ad-Hoc|iPhone.ActiveCfg = Release|Any CPU
		{9619E70B-3E50-4DB0-9E6D-858ECE81F0B5}.Ad-Hoc|iPhone.Build.0 = Release|Any CPU
		{9619E70B-3E50-4DB0-9E6D-858ECE81F0B5}.Ad-Hoc|iPhone.Deploy.0 = Release|Any CPU
		{9619E70B-3E50-4DB0-9E6D-858ECE81F0B5}.Ad-Hoc|iPhoneSimulator.ActiveCfg = Release|Any CPU
		{9619E70B-3E50-4DB0-9E6D-858ECE81F0B5}.Ad-Hoc|iPhoneSimulator.Build.0 = Release|Any CPU
		{9619E70B-3E50-4DB0-9E6D-858ECE81F0B5}.Ad-Hoc|iPhoneSimulator.Deploy.0 = Release|Any CPU
		{9619E70B-3E50-4DB0-9E6D-858ECE81F0B5}.Ad-Hoc|x64.ActiveCfg = Release|Any CPU
		{9619E70B-3E50-4DB0-9E6D-858ECE81F0B5}.Ad-Hoc|x64.Build.0 = Release|Any CPU
		{9619E70B-3E50-4DB0-9E6D-858ECE81F0B5}.Ad-Hoc|x64.Deploy.0 = Release|Any CPU
		{9619E70B-3E50-4DB0-9E6D-858ECE81F0B5}.Ad-Hoc|x86.ActiveCfg = Release|Any CPU
		{9619E70B-3E50-4DB0-9E6D-858ECE81F0B5}.Ad-Hoc|x86.Build.0 = Release|Any CPU
		{9619E70B-3E50-4DB0-9E6D-858ECE81F0B5}.Ad-Hoc|x86.Deploy.0 = Release|Any CPU
		{9619E70B-3E50-4DB0-9E6D-858ECE81F0B5}.AppStore|Any CPU.ActiveCfg = Release|Any CPU
		{9619E70B-3E50-4DB0-9E6D-858ECE81F0B5}.AppStore|Any CPU.Build.0 = Release|Any CPU
		{9619E70B-3E50-4DB0-9E6D-858ECE81F0B5}.AppStore|Any CPU.Deploy.0 = Release|Any CPU
		{9619E70B-3E50-4DB0-9E6D-858ECE81F0B5}.AppStore|ARM.ActiveCfg = Release|Any CPU
		{9619E70B-3E50-4DB0-9E6D-858ECE81F0B5}.AppStore|ARM.Build.0 = Release|Any CPU
		{9619E70B-3E50-4DB0-9E6D-858ECE81F0B5}.AppStore|ARM.Deploy.0 = Release|Any CPU
		{9619E70B-3E50-4DB0-9E6D-858ECE81F0B5}.AppStore|iPhone.ActiveCfg = Release|Any CPU
		{9619E70B-3E50-4DB0-9E6D-858ECE81F0B5}.AppStore|iPhone.Build.0 = Release|Any CPU
		{9619E70B-3E50-4DB0-9E6D-858ECE81F0B5}.AppStore|iPhone.Deploy.0 = Release|Any CPU
		{9619E70B-3E50-4DB0-9E6D-858ECE81F0B5}.AppStore|iPhoneSimulator.ActiveCfg = Release|Any CPU
		{9619E70B-3E50-4DB0-9E6D-858ECE81F0B5}.AppStore|iPhoneSimulator.Build.0 = Release|Any CPU
		{9619E70B-3E50-4DB0-9E6D-858ECE81F0B5}.AppStore|iPhoneSimulator.Deploy.0 = Release|Any CPU
		{9619E70B-3E50-4DB0-9E6D-858ECE81F0B5}.AppStore|x64.ActiveCfg = Release|Any CPU
		{9619E70B-3E50-4DB0-9E6D-858ECE81F0B5}.AppStore|x64.Build.0 = Release|Any CPU
		{9619E70B-3E50-4DB0-9E6D-858ECE81F0B5}.AppStore|x64.Deploy.0 = Release|Any CPU
		{9619E70B-3E50-4DB0-9E6D-858ECE81F0B5}.AppStore|x86.ActiveCfg = Release|Any CPU
		{9619E70B-3E50-4DB0-9E6D-858ECE81F0B5}.AppStore|x86.Build.0 = Release|Any CPU
		{9619E70B-3E50-4DB0-9E6D-858ECE81F0B5}.AppStore|x86.Deploy.0 = Release|Any CPU
		{9619E70B-3E50-4DB0-9E6D-858ECE81F0B5}.Debug|Any CPU.ActiveCfg = Debug|Any CPU
		{9619E70B-3E50-4DB0-9E6D-858ECE81F0B5}.Debug|Any CPU.Build.0 = Debug|Any CPU
		{9619E70B-3E50-4DB0-9E6D-858ECE81F0B5}.Debug|Any CPU.Deploy.0 = Debug|Any CPU
		{9619E70B-3E50-4DB0-9E6D-858ECE81F0B5}.Debug|ARM.ActiveCfg = Debug|Any CPU
		{9619E70B-3E50-4DB0-9E6D-858ECE81F0B5}.Debug|ARM.Build.0 = Debug|Any CPU
		{9619E70B-3E50-4DB0-9E6D-858ECE81F0B5}.Debug|ARM.Deploy.0 = Debug|Any CPU
		{9619E70B-3E50-4DB0-9E6D-858ECE81F0B5}.Debug|iPhone.ActiveCfg = Debug|Any CPU
		{9619E70B-3E50-4DB0-9E6D-858ECE81F0B5}.Debug|iPhone.Build.0 = Debug|Any CPU
		{9619E70B-3E50-4DB0-9E6D-858ECE81F0B5}.Debug|iPhone.Deploy.0 = Debug|Any CPU
		{9619E70B-3E50-4DB0-9E6D-858ECE81F0B5}.Debug|iPhoneSimulator.ActiveCfg = Debug|Any CPU
		{9619E70B-3E50-4DB0-9E6D-858ECE81F0B5}.Debug|iPhoneSimulator.Build.0 = Debug|Any CPU
		{9619E70B-3E50-4DB0-9E6D-858ECE81F0B5}.Debug|iPhoneSimulator.Deploy.0 = Debug|Any CPU
		{9619E70B-3E50-4DB0-9E6D-858ECE81F0B5}.Debug|x64.ActiveCfg = Debug|Any CPU
		{9619E70B-3E50-4DB0-9E6D-858ECE81F0B5}.Debug|x64.Build.0 = Debug|Any CPU
		{9619E70B-3E50-4DB0-9E6D-858ECE81F0B5}.Debug|x64.Deploy.0 = Debug|Any CPU
		{9619E70B-3E50-4DB0-9E6D-858ECE81F0B5}.Debug|x86.ActiveCfg = Debug|Any CPU
		{9619E70B-3E50-4DB0-9E6D-858ECE81F0B5}.Debug|x86.Build.0 = Debug|Any CPU
		{9619E70B-3E50-4DB0-9E6D-858ECE81F0B5}.Debug|x86.Deploy.0 = Debug|Any CPU
		{9619E70B-3E50-4DB0-9E6D-858ECE81F0B5}.Release|Any CPU.ActiveCfg = Release|Any CPU
		{9619E70B-3E50-4DB0-9E6D-858ECE81F0B5}.Release|Any CPU.Build.0 = Release|Any CPU
		{9619E70B-3E50-4DB0-9E6D-858ECE81F0B5}.Release|Any CPU.Deploy.0 = Release|Any CPU
		{9619E70B-3E50-4DB0-9E6D-858ECE81F0B5}.Release|ARM.ActiveCfg = Release|Any CPU
		{9619E70B-3E50-4DB0-9E6D-858ECE81F0B5}.Release|ARM.Build.0 = Release|Any CPU
		{9619E70B-3E50-4DB0-9E6D-858ECE81F0B5}.Release|ARM.Deploy.0 = Release|Any CPU
		{9619E70B-3E50-4DB0-9E6D-858ECE81F0B5}.Release|iPhone.ActiveCfg = Release|Any CPU
		{9619E70B-3E50-4DB0-9E6D-858ECE81F0B5}.Release|iPhone.Build.0 = Release|Any CPU
		{9619E70B-3E50-4DB0-9E6D-858ECE81F0B5}.Release|iPhone.Deploy.0 = Release|Any CPU
		{9619E70B-3E50-4DB0-9E6D-858ECE81F0B5}.Release|iPhoneSimulator.ActiveCfg = Release|Any CPU
		{9619E70B-3E50-4DB0-9E6D-858ECE81F0B5}.Release|iPhoneSimulator.Build.0 = Release|Any CPU
		{9619E70B-3E50-4DB0-9E6D-858ECE81F0B5}.Release|iPhoneSimulator.Deploy.0 = Release|Any CPU
		{9619E70B-3E50-4DB0-9E6D-858ECE81F0B5}.Release|x64.ActiveCfg = Release|Any CPU
		{9619E70B-3E50-4DB0-9E6D-858ECE81F0B5}.Release|x64.Build.0 = Release|Any CPU
		{9619E70B-3E50-4DB0-9E6D-858ECE81F0B5}.Release|x64.Deploy.0 = Release|Any CPU
		{9619E70B-3E50-4DB0-9E6D-858ECE81F0B5}.Release|x86.ActiveCfg = Release|Any CPU
		{9619E70B-3E50-4DB0-9E6D-858ECE81F0B5}.Release|x86.Build.0 = Release|Any CPU
		{9619E70B-3E50-4DB0-9E6D-858ECE81F0B5}.Release|x86.Deploy.0 = Release|Any CPU
		{81E82D29-86F4-4C27-B38A-3D13BFB51C5F}.Ad-Hoc|Any CPU.ActiveCfg = Release|Any CPU
		{81E82D29-86F4-4C27-B38A-3D13BFB51C5F}.Ad-Hoc|Any CPU.Build.0 = Release|Any CPU
		{81E82D29-86F4-4C27-B38A-3D13BFB51C5F}.Ad-Hoc|ARM.ActiveCfg = Release|Any CPU
		{81E82D29-86F4-4C27-B38A-3D13BFB51C5F}.Ad-Hoc|ARM.Build.0 = Release|Any CPU
		{81E82D29-86F4-4C27-B38A-3D13BFB51C5F}.Ad-Hoc|iPhone.ActiveCfg = Release|Any CPU
		{81E82D29-86F4-4C27-B38A-3D13BFB51C5F}.Ad-Hoc|iPhone.Build.0 = Release|Any CPU
		{81E82D29-86F4-4C27-B38A-3D13BFB51C5F}.Ad-Hoc|iPhoneSimulator.ActiveCfg = Release|Any CPU
		{81E82D29-86F4-4C27-B38A-3D13BFB51C5F}.Ad-Hoc|iPhoneSimulator.Build.0 = Release|Any CPU
		{81E82D29-86F4-4C27-B38A-3D13BFB51C5F}.Ad-Hoc|x64.ActiveCfg = Release|Any CPU
		{81E82D29-86F4-4C27-B38A-3D13BFB51C5F}.Ad-Hoc|x64.Build.0 = Release|Any CPU
		{81E82D29-86F4-4C27-B38A-3D13BFB51C5F}.Ad-Hoc|x86.ActiveCfg = Release|Any CPU
		{81E82D29-86F4-4C27-B38A-3D13BFB51C5F}.Ad-Hoc|x86.Build.0 = Release|Any CPU
		{81E82D29-86F4-4C27-B38A-3D13BFB51C5F}.AppStore|Any CPU.ActiveCfg = Release|Any CPU
		{81E82D29-86F4-4C27-B38A-3D13BFB51C5F}.AppStore|Any CPU.Build.0 = Release|Any CPU
		{81E82D29-86F4-4C27-B38A-3D13BFB51C5F}.AppStore|ARM.ActiveCfg = Release|Any CPU
		{81E82D29-86F4-4C27-B38A-3D13BFB51C5F}.AppStore|ARM.Build.0 = Release|Any CPU
		{81E82D29-86F4-4C27-B38A-3D13BFB51C5F}.AppStore|iPhone.ActiveCfg = Release|Any CPU
		{81E82D29-86F4-4C27-B38A-3D13BFB51C5F}.AppStore|iPhone.Build.0 = Release|Any CPU
		{81E82D29-86F4-4C27-B38A-3D13BFB51C5F}.AppStore|iPhoneSimulator.ActiveCfg = Release|Any CPU
		{81E82D29-86F4-4C27-B38A-3D13BFB51C5F}.AppStore|iPhoneSimulator.Build.0 = Release|Any CPU
		{81E82D29-86F4-4C27-B38A-3D13BFB51C5F}.AppStore|x64.ActiveCfg = Release|Any CPU
		{81E82D29-86F4-4C27-B38A-3D13BFB51C5F}.AppStore|x64.Build.0 = Release|Any CPU
		{81E82D29-86F4-4C27-B38A-3D13BFB51C5F}.AppStore|x86.ActiveCfg = Release|Any CPU
		{81E82D29-86F4-4C27-B38A-3D13BFB51C5F}.AppStore|x86.Build.0 = Release|Any CPU
		{81E82D29-86F4-4C27-B38A-3D13BFB51C5F}.Debug|Any CPU.ActiveCfg = Debug|Any CPU
		{81E82D29-86F4-4C27-B38A-3D13BFB51C5F}.Debug|Any CPU.Build.0 = Debug|Any CPU
		{81E82D29-86F4-4C27-B38A-3D13BFB51C5F}.Debug|ARM.ActiveCfg = Debug|Any CPU
		{81E82D29-86F4-4C27-B38A-3D13BFB51C5F}.Debug|ARM.Build.0 = Debug|Any CPU
		{81E82D29-86F4-4C27-B38A-3D13BFB51C5F}.Debug|iPhone.ActiveCfg = Debug|Any CPU
		{81E82D29-86F4-4C27-B38A-3D13BFB51C5F}.Debug|iPhone.Build.0 = Debug|Any CPU
		{81E82D29-86F4-4C27-B38A-3D13BFB51C5F}.Debug|iPhoneSimulator.ActiveCfg = Debug|Any CPU
		{81E82D29-86F4-4C27-B38A-3D13BFB51C5F}.Debug|iPhoneSimulator.Build.0 = Debug|Any CPU
		{81E82D29-86F4-4C27-B38A-3D13BFB51C5F}.Debug|x64.ActiveCfg = Debug|Any CPU
		{81E82D29-86F4-4C27-B38A-3D13BFB51C5F}.Debug|x64.Build.0 = Debug|Any CPU
		{81E82D29-86F4-4C27-B38A-3D13BFB51C5F}.Debug|x86.ActiveCfg = Debug|Any CPU
		{81E82D29-86F4-4C27-B38A-3D13BFB51C5F}.Debug|x86.Build.0 = Debug|Any CPU
		{81E82D29-86F4-4C27-B38A-3D13BFB51C5F}.Release|Any CPU.ActiveCfg = Release|Any CPU
		{81E82D29-86F4-4C27-B38A-3D13BFB51C5F}.Release|Any CPU.Build.0 = Release|Any CPU
		{81E82D29-86F4-4C27-B38A-3D13BFB51C5F}.Release|ARM.ActiveCfg = Release|Any CPU
		{81E82D29-86F4-4C27-B38A-3D13BFB51C5F}.Release|ARM.Build.0 = Release|Any CPU
		{81E82D29-86F4-4C27-B38A-3D13BFB51C5F}.Release|iPhone.ActiveCfg = Release|Any CPU
		{81E82D29-86F4-4C27-B38A-3D13BFB51C5F}.Release|iPhone.Build.0 = Release|Any CPU
		{81E82D29-86F4-4C27-B38A-3D13BFB51C5F}.Release|iPhoneSimulator.ActiveCfg = Release|Any CPU
		{81E82D29-86F4-4C27-B38A-3D13BFB51C5F}.Release|iPhoneSimulator.Build.0 = Release|Any CPU
		{81E82D29-86F4-4C27-B38A-3D13BFB51C5F}.Release|x64.ActiveCfg = Release|Any CPU
		{81E82D29-86F4-4C27-B38A-3D13BFB51C5F}.Release|x64.Build.0 = Release|Any CPU
		{81E82D29-86F4-4C27-B38A-3D13BFB51C5F}.Release|x86.ActiveCfg = Release|Any CPU
		{81E82D29-86F4-4C27-B38A-3D13BFB51C5F}.Release|x86.Build.0 = Release|Any CPU
	EndGlobalSection
	GlobalSection(SolutionProperties) = preSolution
		HideSolutionNode = FALSE
	EndGlobalSection
	GlobalSection(ExtensibilityGlobals) = postSolution
		SolutionGuid = {1B71763A-56F5-43B5-A133-457BB7C9A975}
	EndGlobalSection
EndGlobal
