
Microsoft Visual Studio Solution File, Format Version 12.00
# Visual Studio 15
VisualStudioVersion = 15.0.27703.2042
MinimumVisualStudioVersion = 10.0.40219.1
Project("{FAE04EC0-301F-11D3-BF4B-00C04F79EFBC}") = "TutoXamarin.Android", "Xamarin\Xamarin.Android\TutoXamarin.Android.csproj", "{EC207F3D-6538-4998-97DE-F52471EBD21D}"
EndProject
Project("{FAE04EC0-301F-11D3-BF4B-00C04F79EFBC}") = "Xamarin.iOS", "Xamarin\Xamarin.iOS\TutoXamarin.iOS.csproj", "{FF3DB725-2085-47E9-BC02-1C002E09FA2B}"
EndProject
Project("{D954291E-2A0B-460D-934E-DC6B0785DB48}") = "TutoXamarin", "Xamarin\Xamarin\TutoXamarin.shproj", "{D2483C58-7564-4E3E-A37A-756A74FE0EFF}"
EndProject
Project("{FAE04EC0-301F-11D3-BF4B-00C04F79EFBC}") = "Liblinphone", "Xamarin\Liblinphone\Liblinphone.csproj", "{39A1E0E0-306C-43B4-AEAF-6E5CA42A52FB}"
EndProject
Global
	GlobalSection(SharedMSBuildProjectFiles) = preSolution
		Xamarin\Xamarin\Xamarin.projitems*{d2483c58-7564-4e3e-a37a-756a74fe0eff}*SharedItemsImports = 13
		Xamarin\Xamarin\Xamarin.projitems*{ec207f3d-6538-4998-97de-f52471ebd21d}*SharedItemsImports = 4
	EndGlobalSection
	GlobalSection(SolutionConfigurationPlatforms) = preSolution
		Ad-Hoc|Any CPU = Ad-Hoc|Any CPU
		Ad-Hoc|ARM = Ad-Hoc|ARM
		Ad-Hoc|iPhone = Ad-Hoc|iPhone
		Ad-Hoc|iPhoneSimulator = Ad-Hoc|iPhoneSimulator
		Ad-Hoc|x64 = Ad-Hoc|x64
		Ad-Hoc|x86 = Ad-Hoc|x86
		AppStore|Any CPU = AppStore|Any CPU
		AppStore|ARM = AppStore|ARM
		AppStore|iPhone = AppStore|iPhone
		AppStore|iPhoneSimulator = AppStore|iPhoneSimulator
		AppStore|x64 = AppStore|x64
		AppStore|x86 = AppStore|x86
		Debug|Any CPU = Debug|Any CPU
		Debug|ARM = Debug|ARM
		Debug|iPhone = Debug|iPhone
		Debug|iPhoneSimulator = Debug|iPhoneSimulator
		Debug|x64 = Debug|x64
		Debug|x86 = Debug|x86
		Release|Any CPU = Release|Any CPU
		Release|ARM = Release|ARM
		Release|iPhone = Release|iPhone
		Release|iPhoneSimulator = Release|iPhoneSimulator
		Release|x64 = Release|x64
		Release|x86 = Release|x86
	EndGlobalSection
	GlobalSection(ProjectConfigurationPlatforms) = postSolution
		{EC207F3D-6538-4998-97DE-F52471EBD21D}.Ad-Hoc|Any CPU.ActiveCfg = Release|Any CPU
		{EC207F3D-6538-4998-97DE-F52471EBD21D}.Ad-Hoc|Any CPU.Build.0 = Release|Any CPU
		{EC207F3D-6538-4998-97DE-F52471EBD21D}.Ad-Hoc|Any CPU.Deploy.0 = Release|Any CPU
		{EC207F3D-6538-4998-97DE-F52471EBD21D}.Ad-Hoc|ARM.ActiveCfg = Debug|Any CPU
		{EC207F3D-6538-4998-97DE-F52471EBD21D}.Ad-Hoc|ARM.Build.0 = Debug|Any CPU
		{EC207F3D-6538-4998-97DE-F52471EBD21D}.Ad-Hoc|ARM.Deploy.0 = Debug|Any CPU
		{EC207F3D-6538-4998-97DE-F52471EBD21D}.Ad-Hoc|iPhone.ActiveCfg = Release|Any CPU
		{EC207F3D-6538-4998-97DE-F52471EBD21D}.Ad-Hoc|iPhone.Build.0 = Release|Any CPU
		{EC207F3D-6538-4998-97DE-F52471EBD21D}.Ad-Hoc|iPhone.Deploy.0 = Release|Any CPU
		{EC207F3D-6538-4998-97DE-F52471EBD21D}.Ad-Hoc|iPhoneSimulator.ActiveCfg = Release|Any CPU
		{EC207F3D-6538-4998-97DE-F52471EBD21D}.Ad-Hoc|iPhoneSimulator.Build.0 = Release|Any CPU
		{EC207F3D-6538-4998-97DE-F52471EBD21D}.Ad-Hoc|iPhoneSimulator.Deploy.0 = Release|Any CPU
		{EC207F3D-6538-4998-97DE-F52471EBD21D}.Ad-Hoc|x64.ActiveCfg = Debug|Any CPU
		{EC207F3D-6538-4998-97DE-F52471EBD21D}.Ad-Hoc|x64.Build.0 = Debug|Any CPU
		{EC207F3D-6538-4998-97DE-F52471EBD21D}.Ad-Hoc|x64.Deploy.0 = Debug|Any CPU
		{EC207F3D-6538-4998-97DE-F52471EBD21D}.Ad-Hoc|x86.ActiveCfg = Debug|Any CPU
		{EC207F3D-6538-4998-97DE-F52471EBD21D}.Ad-Hoc|x86.Build.0 = Debug|Any CPU
		{EC207F3D-6538-4998-97DE-F52471EBD21D}.Ad-Hoc|x86.Deploy.0 = Debug|Any CPU
		{EC207F3D-6538-4998-97DE-F52471EBD21D}.AppStore|Any CPU.ActiveCfg = Release|Any CPU
		{EC207F3D-6538-4998-97DE-F52471EBD21D}.AppStore|Any CPU.Build.0 = Release|Any CPU
		{EC207F3D-6538-4998-97DE-F52471EBD21D}.AppStore|Any CPU.Deploy.0 = Release|Any CPU
		{EC207F3D-6538-4998-97DE-F52471EBD21D}.AppStore|ARM.ActiveCfg = Debug|Any CPU
		{EC207F3D-6538-4998-97DE-F52471EBD21D}.AppStore|ARM.Build.0 = Debug|Any CPU
		{EC207F3D-6538-4998-97DE-F52471EBD21D}.AppStore|ARM.Deploy.0 = Debug|Any CPU
		{EC207F3D-6538-4998-97DE-F52471EBD21D}.AppStore|iPhone.ActiveCfg = Release|Any CPU
		{EC207F3D-6538-4998-97DE-F52471EBD21D}.AppStore|iPhone.Build.0 = Release|Any CPU
		{EC207F3D-6538-4998-97DE-F52471EBD21D}.AppStore|iPhone.Deploy.0 = Release|Any CPU
		{EC207F3D-6538-4998-97DE-F52471EBD21D}.AppStore|iPhoneSimulator.ActiveCfg = Release|Any CPU
		{EC207F3D-6538-4998-97DE-F52471EBD21D}.AppStore|iPhoneSimulator.Build.0 = Release|Any CPU
		{EC207F3D-6538-4998-97DE-F52471EBD21D}.AppStore|iPhoneSimulator.Deploy.0 = Release|Any CPU
		{EC207F3D-6538-4998-97DE-F52471EBD21D}.AppStore|x64.ActiveCfg = Debug|Any CPU
		{EC207F3D-6538-4998-97DE-F52471EBD21D}.AppStore|x64.Build.0 = Debug|Any CPU
		{EC207F3D-6538-4998-97DE-F52471EBD21D}.AppStore|x64.Deploy.0 = Debug|Any CPU
		{EC207F3D-6538-4998-97DE-F52471EBD21D}.AppStore|x86.ActiveCfg = Debug|Any CPU
		{EC207F3D-6538-4998-97DE-F52471EBD21D}.AppStore|x86.Build.0 = Debug|Any CPU
		{EC207F3D-6538-4998-97DE-F52471EBD21D}.AppStore|x86.Deploy.0 = Debug|Any CPU
		{EC207F3D-6538-4998-97DE-F52471EBD21D}.Debug|Any CPU.ActiveCfg = Debug|Any CPU
		{EC207F3D-6538-4998-97DE-F52471EBD21D}.Debug|Any CPU.Build.0 = Debug|Any CPU
		{EC207F3D-6538-4998-97DE-F52471EBD21D}.Debug|Any CPU.Deploy.0 = Debug|Any CPU
		{EC207F3D-6538-4998-97DE-F52471EBD21D}.Debug|ARM.ActiveCfg = Debug|Any CPU
		{EC207F3D-6538-4998-97DE-F52471EBD21D}.Debug|ARM.Build.0 = Debug|Any CPU
		{EC207F3D-6538-4998-97DE-F52471EBD21D}.Debug|ARM.Deploy.0 = Debug|Any CPU
		{EC207F3D-6538-4998-97DE-F52471EBD21D}.Debug|iPhone.ActiveCfg = Debug|Any CPU
		{EC207F3D-6538-4998-97DE-F52471EBD21D}.Debug|iPhone.Build.0 = Debug|Any CPU
		{EC207F3D-6538-4998-97DE-F52471EBD21D}.Debug|iPhone.Deploy.0 = Debug|Any CPU
		{EC207F3D-6538-4998-97DE-F52471EBD21D}.Debug|iPhoneSimulator.ActiveCfg = Debug|Any CPU
		{EC207F3D-6538-4998-97DE-F52471EBD21D}.Debug|iPhoneSimulator.Build.0 = Debug|Any CPU
		{EC207F3D-6538-4998-97DE-F52471EBD21D}.Debug|iPhoneSimulator.Deploy.0 = Debug|Any CPU
		{EC207F3D-6538-4998-97DE-F52471EBD21D}.Debug|x64.ActiveCfg = Debug|Any CPU
		{EC207F3D-6538-4998-97DE-F52471EBD21D}.Debug|x64.Build.0 = Debug|Any CPU
		{EC207F3D-6538-4998-97DE-F52471EBD21D}.Debug|x64.Deploy.0 = Debug|Any CPU
		{EC207F3D-6538-4998-97DE-F52471EBD21D}.Debug|x86.ActiveCfg = Debug|Any CPU
		{EC207F3D-6538-4998-97DE-F52471EBD21D}.Debug|x86.Build.0 = Debug|Any CPU
		{EC207F3D-6538-4998-97DE-F52471EBD21D}.Debug|x86.Deploy.0 = Debug|Any CPU
		{EC207F3D-6538-4998-97DE-F52471EBD21D}.Release|Any CPU.ActiveCfg = Release|Any CPU
		{EC207F3D-6538-4998-97DE-F52471EBD21D}.Release|Any CPU.Build.0 = Release|Any CPU
		{EC207F3D-6538-4998-97DE-F52471EBD21D}.Release|Any CPU.Deploy.0 = Release|Any CPU
		{EC207F3D-6538-4998-97DE-F52471EBD21D}.Release|ARM.ActiveCfg = Release|Any CPU
		{EC207F3D-6538-4998-97DE-F52471EBD21D}.Release|ARM.Build.0 = Release|Any CPU
		{EC207F3D-6538-4998-97DE-F52471EBD21D}.Release|ARM.Deploy.0 = Release|Any CPU
		{EC207F3D-6538-4998-97DE-F52471EBD21D}.Release|iPhone.ActiveCfg = Release|Any CPU
		{EC207F3D-6538-4998-97DE-F52471EBD21D}.Release|iPhone.Build.0 = Release|Any CPU
		{EC207F3D-6538-4998-97DE-F52471EBD21D}.Release|iPhone.Deploy.0 = Release|Any CPU
		{EC207F3D-6538-4998-97DE-F52471EBD21D}.Release|iPhoneSimulator.ActiveCfg = Release|Any CPU
		{EC207F3D-6538-4998-97DE-F52471EBD21D}.Release|iPhoneSimulator.Build.0 = Release|Any CPU
		{EC207F3D-6538-4998-97DE-F52471EBD21D}.Release|iPhoneSimulator.Deploy.0 = Release|Any CPU
		{EC207F3D-6538-4998-97DE-F52471EBD21D}.Release|x64.ActiveCfg = Release|Any CPU
		{EC207F3D-6538-4998-97DE-F52471EBD21D}.Release|x64.Build.0 = Release|Any CPU
		{EC207F3D-6538-4998-97DE-F52471EBD21D}.Release|x64.Deploy.0 = Release|Any CPU
		{EC207F3D-6538-4998-97DE-F52471EBD21D}.Release|x86.ActiveCfg = Release|Any CPU
		{EC207F3D-6538-4998-97DE-F52471EBD21D}.Release|x86.Build.0 = Release|Any CPU
		{EC207F3D-6538-4998-97DE-F52471EBD21D}.Release|x86.Deploy.0 = Release|Any CPU
		{FF3DB725-2085-47E9-BC02-1C002E09FA2B}.Ad-Hoc|Any CPU.ActiveCfg = Ad-Hoc|iPhone
		{FF3DB725-2085-47E9-BC02-1C002E09FA2B}.Ad-Hoc|Any CPU.Build.0 = Ad-Hoc|iPhone
		{FF3DB725-2085-47E9-BC02-1C002E09FA2B}.Ad-Hoc|Any CPU.Deploy.0 = Ad-Hoc|iPhone
		{FF3DB725-2085-47E9-BC02-1C002E09FA2B}.Ad-Hoc|ARM.ActiveCfg = Ad-Hoc|iPhoneSimulator
		{FF3DB725-2085-47E9-BC02-1C002E09FA2B}.Ad-Hoc|iPhone.ActiveCfg = Ad-Hoc|iPhone
		{FF3DB725-2085-47E9-BC02-1C002E09FA2B}.Ad-Hoc|iPhone.Build.0 = Ad-Hoc|iPhone
		{FF3DB725-2085-47E9-BC02-1C002E09FA2B}.Ad-Hoc|iPhone.Deploy.0 = Ad-Hoc|iPhone
		{FF3DB725-2085-47E9-BC02-1C002E09FA2B}.Ad-Hoc|iPhoneSimulator.ActiveCfg = Ad-Hoc|iPhoneSimulator
		{FF3DB725-2085-47E9-BC02-1C002E09FA2B}.Ad-Hoc|iPhoneSimulator.Build.0 = Ad-Hoc|iPhoneSimulator
		{FF3DB725-2085-47E9-BC02-1C002E09FA2B}.Ad-Hoc|iPhoneSimulator.Deploy.0 = Ad-Hoc|iPhoneSimulator
		{FF3DB725-2085-47E9-BC02-1C002E09FA2B}.Ad-Hoc|x64.ActiveCfg = Ad-Hoc|iPhoneSimulator
		{FF3DB725-2085-47E9-BC02-1C002E09FA2B}.Ad-Hoc|x86.ActiveCfg = Ad-Hoc|iPhoneSimulator
		{FF3DB725-2085-47E9-BC02-1C002E09FA2B}.AppStore|Any CPU.ActiveCfg = AppStore|iPhone
		{FF3DB725-2085-47E9-BC02-1C002E09FA2B}.AppStore|Any CPU.Build.0 = AppStore|iPhone
		{FF3DB725-2085-47E9-BC02-1C002E09FA2B}.AppStore|Any CPU.Deploy.0 = AppStore|iPhone
		{FF3DB725-2085-47E9-BC02-1C002E09FA2B}.AppStore|ARM.ActiveCfg = AppStore|iPhoneSimulator
		{FF3DB725-2085-47E9-BC02-1C002E09FA2B}.AppStore|iPhone.ActiveCfg = AppStore|iPhone
		{FF3DB725-2085-47E9-BC02-1C002E09FA2B}.AppStore|iPhone.Build.0 = AppStore|iPhone
		{FF3DB725-2085-47E9-BC02-1C002E09FA2B}.AppStore|iPhone.Deploy.0 = AppStore|iPhone
		{FF3DB725-2085-47E9-BC02-1C002E09FA2B}.AppStore|iPhoneSimulator.ActiveCfg = AppStore|iPhoneSimulator
		{FF3DB725-2085-47E9-BC02-1C002E09FA2B}.AppStore|iPhoneSimulator.Build.0 = AppStore|iPhoneSimulator
		{FF3DB725-2085-47E9-BC02-1C002E09FA2B}.AppStore|iPhoneSimulator.Deploy.0 = AppStore|iPhoneSimulator
		{FF3DB725-2085-47E9-BC02-1C002E09FA2B}.AppStore|x64.ActiveCfg = AppStore|iPhoneSimulator
		{FF3DB725-2085-47E9-BC02-1C002E09FA2B}.AppStore|x86.ActiveCfg = AppStore|iPhoneSimulator
		{FF3DB725-2085-47E9-BC02-1C002E09FA2B}.Debug|Any CPU.ActiveCfg = Debug|iPhoneSimulator
		{FF3DB725-2085-47E9-BC02-1C002E09FA2B}.Debug|Any CPU.Build.0 = Debug|iPhoneSimulator
		{FF3DB725-2085-47E9-BC02-1C002E09FA2B}.Debug|Any CPU.Deploy.0 = Debug|iPhoneSimulator
		{FF3DB725-2085-47E9-BC02-1C002E09FA2B}.Debug|ARM.ActiveCfg = Debug|iPhone
		{FF3DB725-2085-47E9-BC02-1C002E09FA2B}.Debug|iPhone.ActiveCfg = Debug|iPhone
		{FF3DB725-2085-47E9-BC02-1C002E09FA2B}.Debug|iPhone.Build.0 = Debug|iPhone
		{FF3DB725-2085-47E9-BC02-1C002E09FA2B}.Debug|iPhone.Deploy.0 = Debug|iPhone
		{FF3DB725-2085-47E9-BC02-1C002E09FA2B}.Debug|iPhoneSimulator.ActiveCfg = Debug|iPhoneSimulator
		{FF3DB725-2085-47E9-BC02-1C002E09FA2B}.Debug|iPhoneSimulator.Build.0 = Debug|iPhoneSimulator
		{FF3DB725-2085-47E9-BC02-1C002E09FA2B}.Debug|iPhoneSimulator.Deploy.0 = Debug|iPhoneSimulator
		{FF3DB725-2085-47E9-BC02-1C002E09FA2B}.Debug|x64.ActiveCfg = Debug|iPhone
		{FF3DB725-2085-47E9-BC02-1C002E09FA2B}.Debug|x86.ActiveCfg = Debug|iPhone
		{FF3DB725-2085-47E9-BC02-1C002E09FA2B}.Release|Any CPU.ActiveCfg = Release|iPhone
		{FF3DB725-2085-47E9-BC02-1C002E09FA2B}.Release|Any CPU.Build.0 = Release|iPhone
		{FF3DB725-2085-47E9-BC02-1C002E09FA2B}.Release|Any CPU.Deploy.0 = Release|iPhone
		{FF3DB725-2085-47E9-BC02-1C002E09FA2B}.Release|ARM.ActiveCfg = Release|iPhoneSimulator
		{FF3DB725-2085-47E9-BC02-1C002E09FA2B}.Release|iPhone.ActiveCfg = Release|iPhone
		{FF3DB725-2085-47E9-BC02-1C002E09FA2B}.Release|iPhone.Build.0 = Release|iPhone
		{FF3DB725-2085-47E9-BC02-1C002E09FA2B}.Release|iPhone.Deploy.0 = Release|iPhone
		{FF3DB725-2085-47E9-BC02-1C002E09FA2B}.Release|iPhoneSimulator.ActiveCfg = Release|iPhoneSimulator
		{FF3DB725-2085-47E9-BC02-1C002E09FA2B}.Release|iPhoneSimulator.Build.0 = Release|iPhoneSimulator
		{FF3DB725-2085-47E9-BC02-1C002E09FA2B}.Release|iPhoneSimulator.Deploy.0 = Release|iPhoneSimulator
		{FF3DB725-2085-47E9-BC02-1C002E09FA2B}.Release|x64.ActiveCfg = Release|iPhoneSimulator
		{FF3DB725-2085-47E9-BC02-1C002E09FA2B}.Release|x86.ActiveCfg = Release|iPhoneSimulator
		{39A1E0E0-306C-43B4-AEAF-6E5CA42A52FB}.Ad-Hoc|Any CPU.ActiveCfg = Release|Any CPU
		{39A1E0E0-306C-43B4-AEAF-6E5CA42A52FB}.Ad-Hoc|Any CPU.Build.0 = Release|Any CPU
		{39A1E0E0-306C-43B4-AEAF-6E5CA42A52FB}.Ad-Hoc|ARM.ActiveCfg = Debug|Any CPU
		{39A1E0E0-306C-43B4-AEAF-6E5CA42A52FB}.Ad-Hoc|ARM.Build.0 = Debug|Any CPU
		{39A1E0E0-306C-43B4-AEAF-6E5CA42A52FB}.Ad-Hoc|iPhone.ActiveCfg = Release|Any CPU
		{39A1E0E0-306C-43B4-AEAF-6E5CA42A52FB}.Ad-Hoc|iPhone.Build.0 = Release|Any CPU
		{39A1E0E0-306C-43B4-AEAF-6E5CA42A52FB}.Ad-Hoc|iPhoneSimulator.ActiveCfg = Release|Any CPU
		{39A1E0E0-306C-43B4-AEAF-6E5CA42A52FB}.Ad-Hoc|iPhoneSimulator.Build.0 = Release|Any CPU
		{39A1E0E0-306C-43B4-AEAF-6E5CA42A52FB}.Ad-Hoc|x64.ActiveCfg = Debug|Any CPU
		{39A1E0E0-306C-43B4-AEAF-6E5CA42A52FB}.Ad-Hoc|x64.Build.0 = Debug|Any CPU
		{39A1E0E0-306C-43B4-AEAF-6E5CA42A52FB}.Ad-Hoc|x86.ActiveCfg = Debug|Any CPU
		{39A1E0E0-306C-43B4-AEAF-6E5CA42A52FB}.Ad-Hoc|x86.Build.0 = Debug|Any CPU
		{39A1E0E0-306C-43B4-AEAF-6E5CA42A52FB}.AppStore|Any CPU.ActiveCfg = Release|Any CPU
		{39A1E0E0-306C-43B4-AEAF-6E5CA42A52FB}.AppStore|Any CPU.Build.0 = Release|Any CPU
		{39A1E0E0-306C-43B4-AEAF-6E5CA42A52FB}.AppStore|ARM.ActiveCfg = Debug|Any CPU
		{39A1E0E0-306C-43B4-AEAF-6E5CA42A52FB}.AppStore|ARM.Build.0 = Debug|Any CPU
		{39A1E0E0-306C-43B4-AEAF-6E5CA42A52FB}.AppStore|iPhone.ActiveCfg = Release|Any CPU
		{39A1E0E0-306C-43B4-AEAF-6E5CA42A52FB}.AppStore|iPhone.Build.0 = Release|Any CPU
		{39A1E0E0-306C-43B4-AEAF-6E5CA42A52FB}.AppStore|iPhoneSimulator.ActiveCfg = Release|Any CPU
		{39A1E0E0-306C-43B4-AEAF-6E5CA42A52FB}.AppStore|iPhoneSimulator.Build.0 = Release|Any CPU
		{39A1E0E0-306C-43B4-AEAF-6E5CA42A52FB}.AppStore|x64.ActiveCfg = Debug|Any CPU
		{39A1E0E0-306C-43B4-AEAF-6E5CA42A52FB}.AppStore|x64.Build.0 = Debug|Any CPU
		{39A1E0E0-306C-43B4-AEAF-6E5CA42A52FB}.AppStore|x86.ActiveCfg = Debug|Any CPU
		{39A1E0E0-306C-43B4-AEAF-6E5CA42A52FB}.AppStore|x86.Build.0 = Debug|Any CPU
		{39A1E0E0-306C-43B4-AEAF-6E5CA42A52FB}.Debug|Any CPU.ActiveCfg = Debug|Any CPU
		{39A1E0E0-306C-43B4-AEAF-6E5CA42A52FB}.Debug|Any CPU.Build.0 = Debug|Any CPU
		{39A1E0E0-306C-43B4-AEAF-6E5CA42A52FB}.Debug|ARM.ActiveCfg = Debug|Any CPU
		{39A1E0E0-306C-43B4-AEAF-6E5CA42A52FB}.Debug|ARM.Build.0 = Debug|Any CPU
		{39A1E0E0-306C-43B4-AEAF-6E5CA42A52FB}.Debug|iPhone.ActiveCfg = Debug|Any CPU
		{39A1E0E0-306C-43B4-AEAF-6E5CA42A52FB}.Debug|iPhone.Build.0 = Debug|Any CPU
		{39A1E0E0-306C-43B4-AEAF-6E5CA42A52FB}.Debug|iPhoneSimulator.ActiveCfg = Debug|Any CPU
		{39A1E0E0-306C-43B4-AEAF-6E5CA42A52FB}.Debug|iPhoneSimulator.Build.0 = Debug|Any CPU
		{39A1E0E0-306C-43B4-AEAF-6E5CA42A52FB}.Debug|x64.ActiveCfg = Debug|Any CPU
		{39A1E0E0-306C-43B4-AEAF-6E5CA42A52FB}.Debug|x64.Build.0 = Debug|Any CPU
		{39A1E0E0-306C-43B4-AEAF-6E5CA42A52FB}.Debug|x86.ActiveCfg = Debug|Any CPU
		{39A1E0E0-306C-43B4-AEAF-6E5CA42A52FB}.Debug|x86.Build.0 = Debug|Any CPU
		{39A1E0E0-306C-43B4-AEAF-6E5CA42A52FB}.Release|Any CPU.ActiveCfg = Release|Any CPU
		{39A1E0E0-306C-43B4-AEAF-6E5CA42A52FB}.Release|Any CPU.Build.0 = Release|Any CPU
		{39A1E0E0-306C-43B4-AEAF-6E5CA42A52FB}.Release|ARM.ActiveCfg = Release|Any CPU
		{39A1E0E0-306C-43B4-AEAF-6E5CA42A52FB}.Release|ARM.Build.0 = Release|Any CPU
		{39A1E0E0-306C-43B4-AEAF-6E5CA42A52FB}.Release|iPhone.ActiveCfg = Release|Any CPU
		{39A1E0E0-306C-43B4-AEAF-6E5CA42A52FB}.Release|iPhone.Build.0 = Release|Any CPU
		{39A1E0E0-306C-43B4-AEAF-6E5CA42A52FB}.Release|iPhoneSimulator.ActiveCfg = Release|Any CPU
		{39A1E0E0-306C-43B4-AEAF-6E5CA42A52FB}.Release|iPhoneSimulator.Build.0 = Release|Any CPU
		{39A1E0E0-306C-43B4-AEAF-6E5CA42A52FB}.Release|x64.ActiveCfg = Release|Any CPU
		{39A1E0E0-306C-43B4-AEAF-6E5CA42A52FB}.Release|x64.Build.0 = Release|Any CPU
		{39A1E0E0-306C-43B4-AEAF-6E5CA42A52FB}.Release|x86.ActiveCfg = Release|Any CPU
		{39A1E0E0-306C-43B4-AEAF-6E5CA42A52FB}.Release|x86.Build.0 = Release|Any CPU
	EndGlobalSection
	GlobalSection(SolutionProperties) = preSolution
		HideSolutionNode = FALSE
	EndGlobalSection
	GlobalSection(ExtensibilityGlobals) = postSolution
		SolutionGuid = {2481A873-DBDF-49C8-8597-71372F66208C}
	EndGlobalSection
EndGlobal
